// !$*UTF8*$!
{
	archiveVersion = 1;
	classes = {
	};
	objectVersion = 55;
	objects = {

/* Begin PBXBuildFile section */
		FD265A3B281ED64B000B65FB /* AppDelegate.swift in Sources */ = {isa = PBXBuildFile; fileRef = FD265A3A281ED64B000B65FB /* AppDelegate.swift */; };
		FD265A3D281ED64B000B65FB /* SceneDelegate.swift in Sources */ = {isa = PBXBuildFile; fileRef = FD265A3C281ED64B000B65FB /* SceneDelegate.swift */; };
		FD265A3F281ED64B000B65FB /* FirstViewController.swift in Sources */ = {isa = PBXBuildFile; fileRef = FD265A3E281ED64B000B65FB /* FirstViewController.swift */; };
		FD265A42281ED64B000B65FB /* Main.storyboard in Resources */ = {isa = PBXBuildFile; fileRef = FD265A40281ED64B000B65FB /* Main.storyboard */; };
		FD265A44281ED64D000B65FB /* Assets.xcassets in Resources */ = {isa = PBXBuildFile; fileRef = FD265A43281ED64D000B65FB /* Assets.xcassets */; };
		FD265A47281ED64D000B65FB /* LaunchScreen.storyboard in Resources */ = {isa = PBXBuildFile; fileRef = FD265A45281ED64D000B65FB /* LaunchScreen.storyboard */; };
		FD265A4F281EDB83000B65FB /* FifthViewController.swift in Sources */ = {isa = PBXBuildFile; fileRef = FD265A4E281EDB83000B65FB /* FifthViewController.swift */; };
		FD265A51281EEDB7000B65FB /* SecondViewController.swift in Sources */ = {isa = PBXBuildFile; fileRef = FD265A50281EEDB7000B65FB /* SecondViewController.swift */; };
		FD265A53281EEDEA000B65FB /* ThirdViewController.swift in Sources */ = {isa = PBXBuildFile; fileRef = FD265A52281EEDEA000B65FB /* ThirdViewController.swift */; };
		FD265A55281EEE00000B65FB /* FourthViewController.swift in Sources */ = {isa = PBXBuildFile; fileRef = FD265A54281EEE00000B65FB /* FourthViewController.swift */; };
/* End PBXBuildFile section */

/* Begin PBXFileReference section */
		FD265A37281ED64B000B65FB /* Home Work 7.app */ = {isa = PBXFileReference; explicitFileType = wrapper.application; includeInIndex = 0; path = "Home Work 7.app"; sourceTree = BUILT_PRODUCTS_DIR; };
		FD265A3A281ED64B000B65FB /* AppDelegate.swift */ = {isa = PBXFileReference; lastKnownFileType = sourcecode.swift; path = AppDelegate.swift; sourceTree = "<group>"; };
		FD265A3C281ED64B000B65FB /* SceneDelegate.swift */ = {isa = PBXFileReference; lastKnownFileType = sourcecode.swift; path = SceneDelegate.swift; sourceTree = "<group>"; };
		FD265A3E281ED64B000B65FB /* FirstViewController.swift */ = {isa = PBXFileReference; lastKnownFileType = sourcecode.swift; path = FirstViewController.swift; sourceTree = "<group>"; };
		FD265A41281ED64B000B65FB /* Base */ = {isa = PBXFileReference; lastKnownFileType = file.storyboard; name = Base; path = Base.lproj/Main.storyboard; sourceTree = "<group>"; };
		FD265A43281ED64D000B65FB /* Assets.xcassets */ = {isa = PBXFileReference; lastKnownFileType = folder.assetcatalog; path = Assets.xcassets; sourceTree = "<group>"; };
		FD265A46281ED64D000B65FB /* Base */ = {isa = PBXFileReference; lastKnownFileType = file.storyboard; name = Base; path = Base.lproj/LaunchScreen.storyboard; sourceTree = "<group>"; };
		FD265A48281ED64D000B65FB /* Info.plist */ = {isa = PBXFileReference; lastKnownFileType = text.plist.xml; path = Info.plist; sourceTree = "<group>"; };
		FD265A4E281EDB83000B65FB /* FifthViewController.swift */ = {isa = PBXFileReference; lastKnownFileType = sourcecode.swift; path = FifthViewController.swift; sourceTree = "<group>"; };
		FD265A50281EEDB7000B65FB /* SecondViewController.swift */ = {isa = PBXFileReference; lastKnownFileType = sourcecode.swift; path = SecondViewController.swift; sourceTree = "<group>"; };
		FD265A52281EEDEA000B65FB /* ThirdViewController.swift */ = {isa = PBXFileReference; lastKnownFileType = sourcecode.swift; path = ThirdViewController.swift; sourceTree = "<group>"; };
		FD265A54281EEE00000B65FB /* FourthViewController.swift */ = {isa = PBXFileReference; lastKnownFileType = sourcecode.swift; path = FourthViewController.swift; sourceTree = "<group>"; };
/* End PBXFileReference section */

/* Begin PBXFrameworksBuildPhase section */
		FD265A34281ED64B000B65FB /* Frameworks */ = {
			isa = PBXFrameworksBuildPhase;
			buildActionMask = 2147483647;
			files = (
			);
			runOnlyForDeploymentPostprocessing = 0;
		};
/* End PBXFrameworksBuildPhase section */

/* Begin PBXGroup section */
		FD265A2E281ED64B000B65FB = {
			isa = PBXGroup;
			children = (
				FD265A39281ED64B000B65FB /* Home Work 7 */,
				FD265A38281ED64B000B65FB /* Products */,
			);
			sourceTree = "<group>";
		};
		FD265A38281ED64B000B65FB /* Products */ = {
			isa = PBXGroup;
			children = (
				FD265A37281ED64B000B65FB /* Home Work 7.app */,
			);
			name = Products;
			sourceTree = "<group>";
		};
		FD265A39281ED64B000B65FB /* Home Work 7 */ = {
			isa = PBXGroup;
			children = (
				FD265A3A281ED64B000B65FB /* AppDelegate.swift */,
				FD265A3C281ED64B000B65FB /* SceneDelegate.swift */,
				FD265A40281ED64B000B65FB /* Main.storyboard */,
				FD265A43281ED64D000B65FB /* Assets.xcassets */,
				FD265A45281ED64D000B65FB /* LaunchScreen.storyboard */,
				FD265A48281ED64D000B65FB /* Info.plist */,
				FD265A3E281ED64B000B65FB /* FirstViewController.swift */,
				FD265A50281EEDB7000B65FB /* SecondViewController.swift */,
				FD265A52281EEDEA000B65FB /* ThirdViewController.swift */,
				FD265A54281EEE00000B65FB /* FourthViewController.swift */,
				FD265A4E281EDB83000B65FB /* FifthViewController.swift */,
			);
			path = "Home Work 7";
			sourceTree = "<group>";
		};
/* End PBXGroup section */

/* Begin PBXNativeTarget section */
		FD265A36281ED64B000B65FB /* Home Work 7 */ = {
			isa = PBXNativeTarget;
			buildConfigurationList = FD265A4B281ED64D000B65FB /* Build configuration list for PBXNativeTarget "Home Work 7" */;
			buildPhases = (
				FD265A33281ED64B000B65FB /* Sources */,
				FD265A34281ED64B000B65FB /* Frameworks */,
				FD265A35281ED64B000B65FB /* Resources */,
			);
			buildRules = (
			);
			dependencies = (
			);
			name = "Home Work 7";
			productName = "Home Work 7";
			productReference = FD265A37281ED64B000B65FB /* Home Work 7.app */;
			productType = "com.apple.product-type.application";
		};
/* End PBXNativeTarget section */

/* Begin PBXProject section */
		FD265A2F281ED64B000B65FB /* Project object */ = {
			isa = PBXProject;
			attributes = {
				BuildIndependentTargetsInParallel = 1;
				LastSwiftUpdateCheck = 1320;
				LastUpgradeCheck = 1320;
				TargetAttributes = {
					FD265A36281ED64B000B65FB = {
						CreatedOnToolsVersion = 13.2.1;
					};
				};
			};
			buildConfigurationList = FD265A32281ED64B000B65FB /* Build configuration list for PBXProject "Home Work 7" */;
			compatibilityVersion = "Xcode 13.0";
			developmentRegion = en;
			hasScannedForEncodings = 0;
			knownRegions = (
				en,
				Base,
			);
			mainGroup = FD265A2E281ED64B000B65FB;
			productRefGroup = FD265A38281ED64B000B65FB /* Products */;
			projectDirPath = "";
			projectRoot = "";
			targets = (
				FD265A36281ED64B000B65FB /* Home Work 7 */,
			);
		};
/* End PBXProject section */

/* Begin PBXResourcesBuildPhase section */
		FD265A35281ED64B000B65FB /* Resources */ = {
			isa = PBXResourcesBuildPhase;
			buildActionMask = 2147483647;
			files = (
				FD265A47281ED64D000B65FB /* LaunchScreen.storyboard in Resources */,
				FD265A44281ED64D000B65FB /* Assets.xcassets in Resources */,
				FD265A42281ED64B000B65FB /* Main.storyboard in Resources */,
			);
			runOnlyForDeploymentPostprocessing = 0;
		};
/* End PBXResourcesBuildPhase section */

/* Begin PBXSourcesBuildPhase section */
		FD265A33281ED64B000B65FB /* Sources */ = {
			isa = PBXSourcesBuildPhase;
			buildActionMask = 2147483647;
			files = (
				FD265A4F281EDB83000B65FB /* FifthViewController.swift in Sources */,
				FD265A3F281ED64B000B65FB /* FirstViewController.swift in Sources */,
				FD265A55281EEE00000B65FB /* FourthViewController.swift in Sources */,
				FD265A3B281ED64B000B65FB /* AppDelegate.swift in Sources */,
				FD265A51281EEDB7000B65FB /* SecondViewController.swift in Sources */,
				FD265A53281EEDEA000B65FB /* ThirdViewController.swift in Sources */,
				FD265A3D281ED64B000B65FB /* SceneDelegate.swift in Sources */,
			);
			runOnlyForDeploymentPostprocessing = 0;
		};
/* End PBXSourcesBuildPhase section */

/* Begin PBXVariantGroup section */
		FD265A40281ED64B000B65FB /* Main.storyboard */ = {
			isa = PBXVariantGroup;
			children = (
				FD265A41281ED64B000B65FB /* Base */,
			);
			name = Main.storyboard;
			sourceTree = "<group>";
		};
		FD265A45281ED64D000B65FB /* LaunchScreen.storyboard */ = {
			isa = PBXVariantGroup;
			children = (
				FD265A46281ED64D000B65FB /* Base */,
			);
			name = LaunchScreen.storyboard;
			sourceTree = "<group>";
		};
/* End PBXVariantGroup section */

/* Begin XCBuildConfiguration section */
		FD265A49281ED64D000B65FB /* Debug */ = {
			isa = XCBuildConfiguration;
			buildSettings = {
				ALWAYS_SEARCH_USER_PATHS = NO;
				CLANG_ANALYZER_NONNULL = YES;
				CLANG_ANALYZER_NUMBER_OBJECT_CONVERSION = YES_AGGRESSIVE;
				CLANG_CXX_LANGUAGE_STANDARD = "gnu++17";
				CLANG_CXX_LIBRARY = "libc++";
				CLANG_ENABLE_MODULES = YES;
				CLANG_ENABLE_OBJC_ARC = YES;
				CLANG_ENABLE_OBJC_WEAK = YES;
				CLANG_WARN_BLOCK_CAPTURE_AUTORELEASING = YES;
				CLANG_WARN_BOOL_CONVERSION = YES;
				CLANG_WARN_COMMA = YES;
				CLANG_WARN_CONSTANT_CONVERSION = YES;
				CLANG_WARN_DEPRECATED_OBJC_IMPLEMENTATIONS = YES;
				CLANG_WARN_DIRECT_OBJC_ISA_USAGE = YES_ERROR;
				CLANG_WARN_DOCUMENTATION_COMMENTS = YES;
				CLANG_WARN_EMPTY_BODY = YES;
				CLANG_WARN_ENUM_CONVERSION = YES;
				CLANG_WARN_INFINITE_RECURSION = YES;
				CLANG_WARN_INT_CONVERSION = YES;
				CLANG_WARN_NON_LITERAL_NULL_CONVERSION = YES;
				CLANG_WARN_OBJC_IMPLICIT_RETAIN_SELF = YES;
				CLANG_WARN_OBJC_LITERAL_CONVERSION = YES;
				CLANG_WARN_OBJC_ROOT_CLASS = YES_ERROR;
				CLANG_WARN_QUOTED_INCLUDE_IN_FRAMEWORK_HEADER = YES;
				CLANG_WARN_RANGE_LOOP_ANALYSIS = YES;
				CLANG_WARN_STRICT_PROTOTYPES = YES;
				CLANG_WARN_SUSPICIOUS_MOVE = YES;
				CLANG_WARN_UNGUARDED_AVAILABILITY = YES_AGGRESSIVE;
				CLANG_WARN_UNREACHABLE_CODE = YES;
				CLANG_WARN__DUPLICATE_METHOD_MATCH = YES;
				COPY_PHASE_STRIP = NO;
				DEBUG_INFORMATION_FORMAT = dwarf;
				ENABLE_STRICT_OBJC_MSGSEND = YES;
				ENABLE_TESTABILITY = YES;
				GCC_C_LANGUAGE_STANDARD = gnu11;
				GCC_DYNAMIC_NO_PIC = NO;
				GCC_NO_COMMON_BLOCKS = YES;
				GCC_OPTIMIZATION_LEVEL = 0;
				GCC_PREPROCESSOR_DEFINITIONS = (
					"DEBUG=1",
					"$(inherited)",
				);
				GCC_WARN_64_TO_32_BIT_CONVERSION = YES;
				GCC_WARN_ABOUT_RETURN_TYPE = YES_ERROR;
				GCC_WARN_UNDECLARED_SELECTOR = YES;
				GCC_WARN_UNINITIALIZED_AUTOS = YES_AGGRESSIVE;
				GCC_WARN_UNUSED_FUNCTION = YES;
				GCC_WARN_UNUSED_VARIABLE = YES;
				IPHONEOS_DEPLOYMENT_TARGET = 15.2;
				MTL_ENABLE_DEBUG_INFO = INCLUDE_SOURCE;
				MTL_FAST_MATH = YES;
				ONLY_ACTIVE_ARCH = YES;
				SDKROOT = iphoneos;
				SWIFT_ACTIVE_COMPILATION_CONDITIONS = DEBUG;
				SWIFT_OPTIMIZATION_LEVEL = "-Onone";
			};
			name = Debug;
		};
		FD265A4A281ED64D000B65FB /* Release */ = {
			isa = XCBuildConfiguration;
			buildSettings = {
				ALWAYS_SEARCH_USER_PATHS = NO;
				CLANG_ANALYZER_NONNULL = YES;
				CLANG_ANALYZER_NUMBER_OBJECT_CONVERSION = YES_AGGRESSIVE;
				CLANG_CXX_LANGUAGE_STANDARD = "gnu++17";
				CLANG_CXX_LIBRARY = "libc++";
				CLANG_ENABLE_MODULES = YES;
				CLANG_ENABLE_OBJC_ARC = YES;
				CLANG_ENABLE_OBJC_WEAK = YES;
				CLANG_WARN_BLOCK_CAPTURE_AUTORELEASING = YES;
				CLANG_WARN_BOOL_CONVERSION = YES;
				CLANG_WARN_COMMA = YES;
				CLANG_WARN_CONSTANT_CONVERSION = YES;
				CLANG_WARN_DEPRECATED_OBJC_IMPLEMENTATIONS = YES;
				CLANG_WARN_DIRECT_OBJC_ISA_USAGE = YES_ERROR;
				CLANG_WARN_DOCUMENTATION_COMMENTS = YES;
				CLANG_WARN_EMPTY_BODY = YES;
				CLANG_WARN_ENUM_CONVERSION = YES;
				CLANG_WARN_INFINITE_RECURSION = YES;
				CLANG_WARN_INT_CONVERSION = YES;
				CLANG_WARN_NON_LITERAL_NULL_CONVERSION = YES;
				CLANG_WARN_OBJC_IMPLICIT_RETAIN_SELF = YES;
				CLANG_WARN_OBJC_LITERAL_CONVERSION = YES;
				CLANG_WARN_OBJC_ROOT_CLASS = YES_ERROR;
				CLANG_WARN_QUOTED_INCLUDE_IN_FRAMEWORK_HEADER = YES;
				CLANG_WARN_RANGE_LOOP_ANALYSIS = YES;
				CLANG_WARN_STRICT_PROTOTYPES = YES;
				CLANG_WARN_SUSPICIOUS_MOVE = YES;
				CLANG_WARN_UNGUARDED_AVAILABILITY = YES_AGGRESSIVE;
				CLANG_WARN_UNREACHABLE_CODE = YES;
				CLANG_WARN__DUPLICATE_METHOD_MATCH = YES;
				COPY_PHASE_STRIP = NO;
				DEBUG_INFORMATION_FORMAT = "dwarf-with-dsym";
				ENABLE_NS_ASSERTIONS = NO;
				ENABLE_STRICT_OBJC_MSGSEND = YES;
				GCC_C_LANGUAGE_STANDARD = gnu11;
				GCC_NO_COMMON_BLOCKS = YES;
				GCC_WARN_64_TO_32_BIT_CONVERSION = YES;
				GCC_WARN_ABOUT_RETURN_TYPE = YES_ERROR;
				GCC_WARN_UNDECLARED_SELECTOR = YES;
				GCC_WARN_UNINITIALIZED_AUTOS = YES_AGGRESSIVE;
				GCC_WARN_UNUSED_FUNCTION = YES;
				GCC_WARN_UNUSED_VARIABLE = YES;
				IPHONEOS_DEPLOYMENT_TARGET = 15.2;
				MTL_ENABLE_DEBUG_INFO = NO;
				MTL_FAST_MATH = YES;
				SDKROOT = iphoneos;
				SWIFT_COMPILATION_MODE = wholemodule;
				SWIFT_OPTIMIZATION_LEVEL = "-O";
				VALIDATE_PRODUCT = YES;
			};
			name = Release;
		};
		FD265A4C281ED64D000B65FB /* Debug */ = {
			isa = XCBuildConfiguration;
			buildSettings = {
				ASSETCATALOG_COMPILER_APPICON_NAME = AppIcon;
				ASSETCATALOG_COMPILER_GLOBAL_ACCENT_COLOR_NAME = AccentColor;
				CODE_SIGN_STYLE = Automatic;
				CURRENT_PROJECT_VERSION = 1;
				GENERATE_INFOPLIST_FILE = YES;
				INFOPLIST_FILE = "Home Work 7/Info.plist";
				INFOPLIST_KEY_UIApplicationSupportsIndirectInputEvents = YES;
				INFOPLIST_KEY_UILaunchStoryboardName = LaunchScreen;
				INFOPLIST_KEY_UIMainStoryboardFile = Main;
				INFOPLIST_KEY_UISupportedInterfaceOrientations_iPad = "UIInterfaceOrientationPortrait UIInterfaceOrientationPortraitUpsideDown UIInterfaceOrientationLandscapeLeft UIInterfaceOrientationLandscapeRight";
				INFOPLIST_KEY_UISupportedInterfaceOrientations_iPhone = "UIInterfaceOrientationPortrait UIInterfaceOrientationLandscapeLeft UIInterfaceOrientationLandscapeRight";
				LD_RUNPATH_SEARCH_PATHS = (
					"$(inherited)",
					"@executable_path/Frameworks",
				);
				MARKETING_VERSION = 1.0;
				PRODUCT_BUNDLE_IDENTIFIER = "com.tms.Home-Work-7";
				PRODUCT_NAME = "$(TARGET_NAME)";
				SWIFT_EMIT_LOC_STRINGS = YES;
				SWIFT_VERSION = 5.0;
				TARGETED_DEVICE_FAMILY = 1;
			};
			name = Debug;
		};
		FD265A4D281ED64D000B65FB /* Release */ = {
			isa = XCBuildConfiguration;
			buildSettings = {
				ASSETCATALOG_COMPILER_APPICON_NAME = AppIcon;
				ASSETCATALOG_COMPILER_GLOBAL_ACCENT_COLOR_NAME = AccentColor;
				CODE_SIGN_STYLE = Automatic;
				CURRENT_PROJECT_VERSION = 1;
				GENERATE_INFOPLIST_FILE = YES;
				INFOPLIST_FILE = "Home Work 7/Info.plist";
				INFOPLIST_KEY_UIApplicationSupportsIndirectInputEvents = YES;
				INFOPLIST_KEY_UILaunchStoryboardName = LaunchScreen;
				INFOPLIST_KEY_UIMainStoryboardFile = Main;
				INFOPLIST_KEY_UISupportedInterfaceOrientations_iPad = "UIInterfaceOrientationPortrait UIInterfaceOrientationPortraitUpsideDown UIInterfaceOrientationLandscapeLeft UIInterfaceOrientationLandscapeRight";
				INFOPLIST_KEY_UISupportedInterfaceOrientations_iPhone = "UIInterfaceOrientationPortrait UIInterfaceOrientationLandscapeLeft UIInterfaceOrientationLandscapeRight";
				LD_RUNPATH_SEARCH_PATHS = (
					"$(inherited)",
					"@executable_path/Frameworks",
				);
				MARKETING_VERSION = 1.0;
				PRODUCT_BUNDLE_IDENTIFIER = "com.tms.Home-Work-7";
				PRODUCT_NAME = "$(TARGET_NAME)";
				SWIFT_EMIT_LOC_STRINGS = YES;
				SWIFT_VERSION = 5.0;
				TARGETED_DEVICE_FAMILY = 1;
			};
			name = Release;
		};
/* End XCBuildConfiguration section */

/* Begin XCConfigurationList section */
		FD265A32281ED64B000B65FB /* Build configuration list for PBXProject "Home Work 7" */ = {
			isa = XCConfigurationList;
			buildConfigurations = (
				FD265A49281ED64D000B65FB /* Debug */,
				FD265A4A281ED64D000B65FB /* Release */,
			);
			defaultConfigurationIsVisible = 0;
			defaultConfigurationName = Release;
		};
		FD265A4B281ED64D000B65FB /* Build configuration list for PBXNativeTarget "Home Work 7" */ = {
			isa = XCConfigurationList;
			buildConfigurations = (
				FD265A4C281ED64D000B65FB /* Debug */,
				FD265A4D281ED64D000B65FB /* Release */,
			);
			defaultConfigurationIsVisible = 0;
			defaultConfigurationName = Release;
		};
/* End XCConfigurationList section */
	};
	rootObject = FD265A2F281ED64B000B65FB /* Project object */;
}
