// !$*UTF8*$!
{
	archiveVersion = 1;
	classes = {
	};
	objectVersion = 55;
	objects = {

/* Begin PBXBuildFile section */
		FDB2888128214E5300E94824 /* AppDelegate.swift in Sources */ = {isa = PBXBuildFile; fileRef = FDB2888028214E5300E94824 /* AppDelegate.swift */; };
		FDB2888328214E5300E94824 /* SceneDelegate.swift in Sources */ = {isa = PBXBuildFile; fileRef = FDB2888228214E5300E94824 /* SceneDelegate.swift */; };
		FDB2888528214E5300E94824 /* MainMenu.swift in Sources */ = {isa = PBXBuildFile; fileRef = FDB2888428214E5300E94824 /* MainMenu.swift */; };
		FDB2888828214E5300E94824 /* Main.storyboard in Resources */ = {isa = PBXBuildFile; fileRef = FDB2888628214E5300E94824 /* Main.storyboard */; };
		FDB2888A28214E5500E94824 /* Assets.xcassets in Resources */ = {isa = PBXBuildFile; fileRef = FDB2888928214E5500E94824 /* Assets.xcassets */; };
		FDB2888D28214E5500E94824 /* LaunchScreen.storyboard in Resources */ = {isa = PBXBuildFile; fileRef = FDB2888B28214E5500E94824 /* LaunchScreen.storyboard */; };
		FDB2889728214E7900E94824 /* HighscoreTable.swift in Sources */ = {isa = PBXBuildFile; fileRef = FDB2889628214E7900E94824 /* HighscoreTable.swift */; };
		FDB2889928214EB600E94824 /* RaceGame.swift in Sources */ = {isa = PBXBuildFile; fileRef = FDB2889828214EB600E94824 /* RaceGame.swift */; };
		FDB2889B28214ECE00E94824 /* Settings.swift in Sources */ = {isa = PBXBuildFile; fileRef = FDB2889A28214ECE00E94824 /* Settings.swift */; };
/* End PBXBuildFile section */

/* Begin PBXFileReference section */
		FDB2887D28214E5300E94824 /* Racing Game.app */ = {isa = PBXFileReference; explicitFileType = wrapper.application; includeInIndex = 0; path = "Racing Game.app"; sourceTree = BUILT_PRODUCTS_DIR; };
		FDB2888028214E5300E94824 /* AppDelegate.swift */ = {isa = PBXFileReference; lastKnownFileType = sourcecode.swift; path = AppDelegate.swift; sourceTree = "<group>"; };
		FDB2888228214E5300E94824 /* SceneDelegate.swift */ = {isa = PBXFileReference; lastKnownFileType = sourcecode.swift; path = SceneDelegate.swift; sourceTree = "<group>"; };
		FDB2888428214E5300E94824 /* MainMenu.swift */ = {isa = PBXFileReference; lastKnownFileType = sourcecode.swift; path = MainMenu.swift; sourceTree = "<group>"; };
		FDB2888728214E5300E94824 /* Base */ = {isa = PBXFileReference; lastKnownFileType = file.storyboard; name = Base; path = Base.lproj/Main.storyboard; sourceTree = "<group>"; };
		FDB2888928214E5500E94824 /* Assets.xcassets */ = {isa = PBXFileReference; lastKnownFileType = folder.assetcatalog; path = Assets.xcassets; sourceTree = "<group>"; };
		FDB2888C28214E5500E94824 /* Base */ = {isa = PBXFileReference; lastKnownFileType = file.storyboard; name = Base; path = Base.lproj/LaunchScreen.storyboard; sourceTree = "<group>"; };
		FDB2888E28214E5500E94824 /* Info.plist */ = {isa = PBXFileReference; lastKnownFileType = text.plist.xml; path = Info.plist; sourceTree = "<group>"; };
		FDB2889628214E7900E94824 /* HighscoreTable.swift */ = {isa = PBXFileReference; lastKnownFileType = sourcecode.swift; path = HighscoreTable.swift; sourceTree = "<group>"; };
		FDB2889828214EB600E94824 /* RaceGame.swift */ = {isa = PBXFileReference; lastKnownFileType = sourcecode.swift; path = RaceGame.swift; sourceTree = "<group>"; };
		FDB2889A28214ECE00E94824 /* Settings.swift */ = {isa = PBXFileReference; lastKnownFileType = sourcecode.swift; path = Settings.swift; sourceTree = "<group>"; };
/* End PBXFileReference section */

/* Begin PBXFrameworksBuildPhase section */
		FDB2887A28214E5300E94824 /* Frameworks */ = {
			isa = PBXFrameworksBuildPhase;
			buildActionMask = 2147483647;
			files = (
			);
			runOnlyForDeploymentPostprocessing = 0;
		};
/* End PBXFrameworksBuildPhase section */

/* Begin PBXGroup section */
		FDB2887428214E5300E94824 = {
			isa = PBXGroup;
			children = (
				FDB2887F28214E5300E94824 /* Racing Game */,
				FDB2887E28214E5300E94824 /* Products */,
			);
			sourceTree = "<group>";
		};
		FDB2887E28214E5300E94824 /* Products */ = {
			isa = PBXGroup;
			children = (
				FDB2887D28214E5300E94824 /* Racing Game.app */,
			);
			name = Products;
			sourceTree = "<group>";
		};
		FDB2887F28214E5300E94824 /* Racing Game */ = {
			isa = PBXGroup;
			children = (
				FDB2888028214E5300E94824 /* AppDelegate.swift */,
				FDB2888228214E5300E94824 /* SceneDelegate.swift */,
				FDB2888428214E5300E94824 /* MainMenu.swift */,
				FDB2888628214E5300E94824 /* Main.storyboard */,
				FDB2888928214E5500E94824 /* Assets.xcassets */,
				FDB2888B28214E5500E94824 /* LaunchScreen.storyboard */,
				FDB2888E28214E5500E94824 /* Info.plist */,
				FDB2889828214EB600E94824 /* RaceGame.swift */,
				FDB2889628214E7900E94824 /* HighscoreTable.swift */,
				FDB2889A28214ECE00E94824 /* Settings.swift */,
			);
			path = "Racing Game";
			sourceTree = "<group>";
		};
/* End PBXGroup section */

/* Begin PBXNativeTarget section */
		FDB2887C28214E5300E94824 /* Racing Game */ = {
			isa = PBXNativeTarget;
			buildConfigurationList = FDB2889128214E5500E94824 /* Build configuration list for PBXNativeTarget "Racing Game" */;
			buildPhases = (
				FDB2887928214E5300E94824 /* Sources */,
				FDB2887A28214E5300E94824 /* Frameworks */,
				FDB2887B28214E5300E94824 /* Resources */,
			);
			buildRules = (
			);
			dependencies = (
			);
			name = "Racing Game";
			productName = "Racing Game";
			productReference = FDB2887D28214E5300E94824 /* Racing Game.app */;
			productType = "com.apple.product-type.application";
		};
/* End PBXNativeTarget section */

/* Begin PBXProject section */
		FDB2887528214E5300E94824 /* Project object */ = {
			isa = PBXProject;
			attributes = {
				BuildIndependentTargetsInParallel = 1;
				LastSwiftUpdateCheck = 1320;
				LastUpgradeCheck = 1320;
				TargetAttributes = {
					FDB2887C28214E5300E94824 = {
						CreatedOnToolsVersion = 13.2.1;
					};
				};
			};
			buildConfigurationList = FDB2887828214E5300E94824 /* Build configuration list for PBXProject "Racing Game" */;
			compatibilityVersion = "Xcode 13.0";
			developmentRegion = en;
			hasScannedForEncodings = 0;
			knownRegions = (
				en,
				Base,
			);
			mainGroup = FDB2887428214E5300E94824;
			productRefGroup = FDB2887E28214E5300E94824 /* Products */;
			projectDirPath = "";
			projectRoot = "";
			targets = (
				FDB2887C28214E5300E94824 /* Racing Game */,
			);
		};
/* End PBXProject section */

/* Begin PBXResourcesBuildPhase section */
		FDB2887B28214E5300E94824 /* Resources */ = {
			isa = PBXResourcesBuildPhase;
			buildActionMask = 2147483647;
			files = (
				FDB2888D28214E5500E94824 /* LaunchScreen.storyboard in Resources */,
				FDB2888A28214E5500E94824 /* Assets.xcassets in Resources */,
				FDB2888828214E5300E94824 /* Main.storyboard in Resources */,
			);
			runOnlyForDeploymentPostprocessing = 0;
		};
/* End PBXResourcesBuildPhase section */

/* Begin PBXSourcesBuildPhase section */
		FDB2887928214E5300E94824 /* Sources */ = {
			isa = PBXSourcesBuildPhase;
			buildActionMask = 2147483647;
			files = (
				FDB2889B28214ECE00E94824 /* Settings.swift in Sources */,
				FDB2888528214E5300E94824 /* MainMenu.swift in Sources */,
				FDB2889928214EB600E94824 /* RaceGame.swift in Sources */,
				FDB2889728214E7900E94824 /* HighscoreTable.swift in Sources */,
				FDB2888128214E5300E94824 /* AppDelegate.swift in Sources */,
				FDB2888328214E5300E94824 /* SceneDelegate.swift in Sources */,
			);
			runOnlyForDeploymentPostprocessing = 0;
		};
/* End PBXSourcesBuildPhase section */

/* Begin PBXVariantGroup section */
		FDB2888628214E5300E94824 /* Main.storyboard */ = {
			isa = PBXVariantGroup;
			children = (
				FDB2888728214E5300E94824 /* Base */,
			);
			name = Main.storyboard;
			sourceTree = "<group>";
		};
		FDB2888B28214E5500E94824 /* LaunchScreen.storyboard */ = {
			isa = PBXVariantGroup;
			children = (
				FDB2888C28214E5500E94824 /* Base */,
			);
			name = LaunchScreen.storyboard;
			sourceTree = "<group>";
		};
/* End PBXVariantGroup section */

/* Begin XCBuildConfiguration section */
		FDB2888F28214E5500E94824 /* Debug */ = {
			isa = XCBuildConfiguration;
			buildSettings = {
				ALWAYS_SEARCH_USER_PATHS = NO;
				CLANG_ANALYZER_NONNULL = YES;
				CLANG_ANALYZER_NUMBER_OBJECT_CONVERSION = YES_AGGRESSIVE;
				CLANG_CXX_LANGUAGE_STANDARD = "gnu++17";
				CLANG_CXX_LIBRARY = "libc++";
				CLANG_ENABLE_MODULES = YES;
				CLANG_ENABLE_OBJC_ARC = YES;
				CLANG_ENABLE_OBJC_WEAK = YES;
				CLANG_WARN_BLOCK_CAPTURE_AUTORELEASING = YES;
				CLANG_WARN_BOOL_CONVERSION = YES;
				CLANG_WARN_COMMA = YES;
				CLANG_WARN_CONSTANT_CONVERSION = YES;
				CLANG_WARN_DEPRECATED_OBJC_IMPLEMENTATIONS = YES;
				CLANG_WARN_DIRECT_OBJC_ISA_USAGE = YES_ERROR;
				CLANG_WARN_DOCUMENTATION_COMMENTS = YES;
				CLANG_WARN_EMPTY_BODY = YES;
				CLANG_WARN_ENUM_CONVERSION = YES;
				CLANG_WARN_INFINITE_RECURSION = YES;
				CLANG_WARN_INT_CONVERSION = YES;
				CLANG_WARN_NON_LITERAL_NULL_CONVERSION = YES;
				CLANG_WARN_OBJC_IMPLICIT_RETAIN_SELF = YES;
				CLANG_WARN_OBJC_LITERAL_CONVERSION = YES;
				CLANG_WARN_OBJC_ROOT_CLASS = YES_ERROR;
				CLANG_WARN_QUOTED_INCLUDE_IN_FRAMEWORK_HEADER = YES;
				CLANG_WARN_RANGE_LOOP_ANALYSIS = YES;
				CLANG_WARN_STRICT_PROTOTYPES = YES;
				CLANG_WARN_SUSPICIOUS_MOVE = YES;
				CLANG_WARN_UNGUARDED_AVAILABILITY = YES_AGGRESSIVE;
				CLANG_WARN_UNREACHABLE_CODE = YES;
				CLANG_WARN__DUPLICATE_METHOD_MATCH = YES;
				COPY_PHASE_STRIP = NO;
				DEBUG_INFORMATION_FORMAT = dwarf;
				ENABLE_STRICT_OBJC_MSGSEND = YES;
				ENABLE_TESTABILITY = YES;
				GCC_C_LANGUAGE_STANDARD = gnu11;
				GCC_DYNAMIC_NO_PIC = NO;
				GCC_NO_COMMON_BLOCKS = YES;
				GCC_OPTIMIZATION_LEVEL = 0;
				GCC_PREPROCESSOR_DEFINITIONS = (
					"DEBUG=1",
					"$(inherited)",
				);
				GCC_WARN_64_TO_32_BIT_CONVERSION = YES;
				GCC_WARN_ABOUT_RETURN_TYPE = YES_ERROR;
				GCC_WARN_UNDECLARED_SELECTOR = YES;
				GCC_WARN_UNINITIALIZED_AUTOS = YES_AGGRESSIVE;
				GCC_WARN_UNUSED_FUNCTION = YES;
				GCC_WARN_UNUSED_VARIABLE = YES;
				IPHONEOS_DEPLOYMENT_TARGET = 15.2;
				MTL_ENABLE_DEBUG_INFO = INCLUDE_SOURCE;
				MTL_FAST_MATH = YES;
				ONLY_ACTIVE_ARCH = YES;
				SDKROOT = iphoneos;
				SWIFT_ACTIVE_COMPILATION_CONDITIONS = DEBUG;
				SWIFT_OPTIMIZATION_LEVEL = "-Onone";
			};
			name = Debug;
		};
		FDB2889028214E5500E94824 /* Release */ = {
			isa = XCBuildConfiguration;
			buildSettings = {
				ALWAYS_SEARCH_USER_PATHS = NO;
				CLANG_ANALYZER_NONNULL = YES;
				CLANG_ANALYZER_NUMBER_OBJECT_CONVERSION = YES_AGGRESSIVE;
				CLANG_CXX_LANGUAGE_STANDARD = "gnu++17";
				CLANG_CXX_LIBRARY = "libc++";
				CLANG_ENABLE_MODULES = YES;
				CLANG_ENABLE_OBJC_ARC = YES;
				CLANG_ENABLE_OBJC_WEAK = YES;
				CLANG_WARN_BLOCK_CAPTURE_AUTORELEASING = YES;
				CLANG_WARN_BOOL_CONVERSION = YES;
				CLANG_WARN_COMMA = YES;
				CLANG_WARN_CONSTANT_CONVERSION = YES;
				CLANG_WARN_DEPRECATED_OBJC_IMPLEMENTATIONS = YES;
				CLANG_WARN_DIRECT_OBJC_ISA_USAGE = YES_ERROR;
				CLANG_WARN_DOCUMENTATION_COMMENTS = YES;
				CLANG_WARN_EMPTY_BODY = YES;
				CLANG_WARN_ENUM_CONVERSION = YES;
				CLANG_WARN_INFINITE_RECURSION = YES;
				CLANG_WARN_INT_CONVERSION = YES;
				CLANG_WARN_NON_LITERAL_NULL_CONVERSION = YES;
				CLANG_WARN_OBJC_IMPLICIT_RETAIN_SELF = YES;
				CLANG_WARN_OBJC_LITERAL_CONVERSION = YES;
				CLANG_WARN_OBJC_ROOT_CLASS = YES_ERROR;
				CLANG_WARN_QUOTED_INCLUDE_IN_FRAMEWORK_HEADER = YES;
				CLANG_WARN_RANGE_LOOP_ANALYSIS = YES;
				CLANG_WARN_STRICT_PROTOTYPES = YES;
				CLANG_WARN_SUSPICIOUS_MOVE = YES;
				CLANG_WARN_UNGUARDED_AVAILABILITY = YES_AGGRESSIVE;
				CLANG_WARN_UNREACHABLE_CODE = YES;
				CLANG_WARN__DUPLICATE_METHOD_MATCH = YES;
				COPY_PHASE_STRIP = NO;
				DEBUG_INFORMATION_FORMAT = "dwarf-with-dsym";
				ENABLE_NS_ASSERTIONS = NO;
				ENABLE_STRICT_OBJC_MSGSEND = YES;
				GCC_C_LANGUAGE_STANDARD = gnu11;
				GCC_NO_COMMON_BLOCKS = YES;
				GCC_WARN_64_TO_32_BIT_CONVERSION = YES;
				GCC_WARN_ABOUT_RETURN_TYPE = YES_ERROR;
				GCC_WARN_UNDECLARED_SELECTOR = YES;
				GCC_WARN_UNINITIALIZED_AUTOS = YES_AGGRESSIVE;
				GCC_WARN_UNUSED_FUNCTION = YES;
				GCC_WARN_UNUSED_VARIABLE = YES;
				IPHONEOS_DEPLOYMENT_TARGET = 15.2;
				MTL_ENABLE_DEBUG_INFO = NO;
				MTL_FAST_MATH = YES;
				SDKROOT = iphoneos;
				SWIFT_COMPILATION_MODE = wholemodule;
				SWIFT_OPTIMIZATION_LEVEL = "-O";
				VALIDATE_PRODUCT = YES;
			};
			name = Release;
		};
		FDB2889228214E5500E94824 /* Debug */ = {
			isa = XCBuildConfiguration;
			buildSettings = {
				ASSETCATALOG_COMPILER_APPICON_NAME = AppIcon;
				ASSETCATALOG_COMPILER_GLOBAL_ACCENT_COLOR_NAME = AccentColor;
				CODE_SIGN_STYLE = Automatic;
				CURRENT_PROJECT_VERSION = 1;
				GENERATE_INFOPLIST_FILE = YES;
				INFOPLIST_FILE = "Racing Game/Info.plist";
				INFOPLIST_KEY_UIApplicationSupportsIndirectInputEvents = YES;
				INFOPLIST_KEY_UILaunchStoryboardName = LaunchScreen;
				INFOPLIST_KEY_UIMainStoryboardFile = Main;
				INFOPLIST_KEY_UISupportedInterfaceOrientations_iPad = "UIInterfaceOrientationPortrait UIInterfaceOrientationPortraitUpsideDown UIInterfaceOrientationLandscapeLeft UIInterfaceOrientationLandscapeRight";
				INFOPLIST_KEY_UISupportedInterfaceOrientations_iPhone = "UIInterfaceOrientationPortrait UIInterfaceOrientationLandscapeLeft UIInterfaceOrientationLandscapeRight";
				LD_RUNPATH_SEARCH_PATHS = (
					"$(inherited)",
					"@executable_path/Frameworks",
				);
				MARKETING_VERSION = 1.0;
				PRODUCT_BUNDLE_IDENTIFIER = "com.tms.Racing-Game";
				PRODUCT_NAME = "$(TARGET_NAME)";
				SWIFT_EMIT_LOC_STRINGS = YES;
				SWIFT_VERSION = 5.0;
				TARGETED_DEVICE_FAMILY = "1,2";
			};
			name = Debug;
		};
		FDB2889328214E5500E94824 /* Release */ = {
			isa = XCBuildConfiguration;
			buildSettings = {
				ASSETCATALOG_COMPILER_APPICON_NAME = AppIcon;
				ASSETCATALOG_COMPILER_GLOBAL_ACCENT_COLOR_NAME = AccentColor;
				CODE_SIGN_STYLE = Automatic;
				CURRENT_PROJECT_VERSION = 1;
				GENERATE_INFOPLIST_FILE = YES;
				INFOPLIST_FILE = "Racing Game/Info.plist";
				INFOPLIST_KEY_UIApplicationSupportsIndirectInputEvents = YES;
				INFOPLIST_KEY_UILaunchStoryboardName = LaunchScreen;
				INFOPLIST_KEY_UIMainStoryboardFile = Main;
				INFOPLIST_KEY_UISupportedInterfaceOrientations_iPad = "UIInterfaceOrientationPortrait UIInterfaceOrientationPortraitUpsideDown UIInterfaceOrientationLandscapeLeft UIInterfaceOrientationLandscapeRight";
				INFOPLIST_KEY_UISupportedInterfaceOrientations_iPhone = "UIInterfaceOrientationPortrait UIInterfaceOrientationLandscapeLeft UIInterfaceOrientationLandscapeRight";
				LD_RUNPATH_SEARCH_PATHS = (
					"$(inherited)",
					"@executable_path/Frameworks",
				);
				MARKETING_VERSION = 1.0;
				PRODUCT_BUNDLE_IDENTIFIER = "com.tms.Racing-Game";
				PRODUCT_NAME = "$(TARGET_NAME)";
				SWIFT_EMIT_LOC_STRINGS = YES;
				SWIFT_VERSION = 5.0;
				TARGETED_DEVICE_FAMILY = "1,2";
			};
			name = Release;
		};
/* End XCBuildConfiguration section */

/* Begin XCConfigurationList section */
		FDB2887828214E5300E94824 /* Build configuration list for PBXProject "Racing Game" */ = {
			isa = XCConfigurationList;
			buildConfigurations = (
				FDB2888F28214E5500E94824 /* Debug */,
				FDB2889028214E5500E94824 /* Release */,
			);
			defaultConfigurationIsVisible = 0;
			defaultConfigurationName = Release;
		};
		FDB2889128214E5500E94824 /* Build configuration list for PBXNativeTarget "Racing Game" */ = {
			isa = XCConfigurationList;
			buildConfigurations = (
				FDB2889228214E5500E94824 /* Debug */,
				FDB2889328214E5500E94824 /* Release */,
			);
			defaultConfigurationIsVisible = 0;
			defaultConfigurationName = Release;
		};
/* End XCConfigurationList section */
	};
	rootObject = FDB2887528214E5300E94824 /* Project object */;
}
